# THIS IS AN AUTOGENERATED FILE. DO NOT EDIT THIS FILE DIRECTLY.
# yarn lockfile v1


async@2.5.0:
  version "2.5.0"
  resolved "http://registry.npm.taobao.org/async/download/async-2.5.0.tgz#843190fd6b7357a0b9e1c956edddd5ec8462b54d"
  dependencies:
    lodash "^4.14.0"

async@~0.2.7:
  version "0.2.10"
  resolved "http://registry.npm.taobao.org/async/download/async-0.2.10.tgz#b6bbe0b0674b9d719708ca38de8c237cb526c3d1"

balanced-match@^1.0.0:
  version "1.0.0"
  resolved "http://registry.npm.taobao.org/balanced-match/download/balanced-match-1.0.0.tgz#89b4d199ab2bee49de164ea02b89ce462d71b767"

brace-expansion@^1.1.7:
  version "1.1.8"
  resolved "http://registry.npm.taobao.org/brace-expansion/download/brace-expansion-1.1.8.tgz#c07b211c7c952ec1f8efd51a77ef0d1d3990a292"
  dependencies:
    balanced-match "^1.0.0"
    concat-map "0.0.1"

buffer-builder@~0.1.0:
  version "0.1.0"
  resolved "http://registry.npm.taobao.org/buffer-builder/download/buffer-builder-0.1.0.tgz#a8d24d91d5086abe07c239274a7d27832ee1cc12"

buffer-reader@~0.0.2:
  version "0.0.2"
  resolved "http://registry.npm.taobao.org/buffer-reader/download/buffer-reader-0.0.2.tgz#b294b8f93b774bf61197e6418095aa981f6f7647"

concat-map@0.0.1:
  version "0.0.1"
  resolved "http://registry.npm.taobao.org/concat-map/download/concat-map-0.0.1.tgz#d8a96bd77fd68df7793a73036a3ba0d5405d477b"

find-java-home@0.2.0:
  version "0.2.0"
  resolved "http://registry.npm.taobao.org/find-java-home/download/find-java-home-0.2.0.tgz#5c500bbad3018832abb9886f7d0f03f57146cddc"
  dependencies:
    which "~1.0.5"
    winreg "~1.2.2"

fs-extra@^4.0.3:
  version "4.0.3"
  resolved "http://registry.npm.taobao.org/fs-extra/download/fs-extra-4.0.3.tgz#0d852122e5bc5beb453fb028e9c0c9bf36340c94"
  dependencies:
    graceful-fs "^4.1.2"
    jsonfile "^4.0.0"
    universalify "^0.1.0"

fs.realpath@^1.0.0:
  version "1.0.0"
  resolved "http://registry.npm.taobao.org/fs.realpath/download/fs.realpath-1.0.0.tgz#1504ad2523158caa40db4a2787cb01411994ea4f"

glob@7.1.2:
  version "7.1.2"
  resolved "http://registry.npm.taobao.org/glob/download/glob-7.1.2.tgz#c19c9df9a028702d678612384a6552404c636d15"
  dependencies:
    fs.realpath "^1.0.0"
    inflight "^1.0.4"
    inherits "2"
    minimatch "^3.0.4"
    once "^1.3.0"
    path-is-absolute "^1.0.0"

graceful-fs@^4.1.2, graceful-fs@^4.1.6:
  version "4.1.11"
  resolved "http://registry.npm.taobao.org/graceful-fs/download/graceful-fs-4.1.11.tgz#0e8bdfe4d1ddb8854d64e04ea7c00e2a026e5658"

hessian-proxy@~0.0.4:
  version "0.0.5"
  resolved "http://registry.npm.taobao.org/hessian-proxy/download/hessian-proxy-0.0.5.tgz#5da3e3b71083699334420c89d4681ad239e332b2"
  dependencies:
    buffer-builder "~0.1.0"
    buffer-reader "~0.0.2"
    long "~1.1.2"

inflight@^1.0.4:
  version "1.0.6"
  resolved "http://registry.npm.taobao.org/inflight/download/inflight-1.0.6.tgz#49bd6331d7d02d0c09bc910a1075ba8165b56df9"
  dependencies:
    once "^1.3.0"
    wrappy "1"

inherits@2:
  version "2.0.3"
  resolved "http://registry.npm.taobao.org/inherits/download/inherits-2.0.3.tgz#633c2c83e3da42a502f52466022480f4208261de"

java@^0.9.0:
  version "0.9.0"
  resolved "http://registry.npm.taobao.org/java/download/java-0.9.0.tgz#d49da2c3aad5e2cb589a968a80a334fe7308a0fe"
  dependencies:
    async "2.5.0"
    find-java-home "0.2.0"
    glob "7.1.2"
    lodash "4.17.4"
    nan "2.7.0"

jsonfile@^4.0.0:
  version "4.0.0"
  resolved "http://registry.npm.taobao.org/jsonfile/download/jsonfile-4.0.0.tgz#8771aae0799b64076b76640fca058f9c10e33ecb"
  optionalDependencies:
    graceful-fs "^4.1.6"

lodash@4.17.4, lodash@^4.14.0:
  version "4.17.4"
  resolved "http://registry.npm.taobao.org/lodash/download/lodash-4.17.4.tgz#78203a4d1c328ae1d86dca6460e369b57f4055ae"

long@~1.1.2:
  version "1.1.5"
  resolved "http://registry.npm.taobao.org/long/download/long-1.1.5.tgz#b5c2c10a3d83ee0ec0aaffb3e4e711d01f607e9a"

minimatch@^3.0.4:
  version "3.0.4"
  resolved "http://registry.npm.taobao.org/minimatch/download/minimatch-3.0.4.tgz#5166e286457f03306064be5497e8dbb0c3d32083"
  dependencies:
    brace-expansion "^1.1.7"

nan@2.7.0:
  version "2.7.0"
  resolved "http://registry.npm.taobao.org/nan/download/nan-2.7.0.tgz#d95bf721ec877e08db276ed3fc6eb78f9083ad46"

node-java@^1.0.1:
  version "1.0.1"
  resolved "http://registry.npm.taobao.org/node-java/download/node-java-1.0.1.tgz#75bbcd18255a70f4bb9c03fcb7be9ec172313126"
  dependencies:
    hessian-proxy "~0.0.4"
    node-zookeeper-client "~0.2.1"

node-zookeeper-client@~0.2.1:
  version "0.2.2"
  resolved "http://registry.npm.taobao.org/node-zookeeper-client/download/node-zookeeper-client-0.2.2.tgz#097bda01999eef8f602ce068b632600069dbf685"
  dependencies:
    async "~0.2.7"
    underscore "~1.4.4"

once@^1.3.0:
  version "1.4.0"
  resolved "http://registry.npm.taobao.org/once/download/once-1.4.0.tgz#583b1aa775961d4b113ac17d9c50baef9dd76bd1"
  dependencies:
    wrappy "1"

path-is-absolute@^1.0.0:
  version "1.0.1"
  resolved "http://registry.npm.taobao.org/path-is-absolute/download/path-is-absolute-1.0.1.tgz#174b9268735534ffbc7ace6bf53a5a9e1b5c5f5f"

qrcode-reader@^1.0.4:
  version "1.0.4"
  resolved "http://registry.npm.taobao.org/qrcode-reader/download/qrcode-reader-1.0.4.tgz#95d9bb9e8130800361a96cb5a43124ad1d9e06b8"

underscore@~1.4.4:
  version "1.4.4"
  resolved "http://registry.npm.taobao.org/underscore/download/underscore-1.4.4.tgz#61a6a32010622afa07963bf325203cf12239d604"

universalify@^0.1.0:
  version "0.1.1"
  resolved "http://registry.npm.taobao.org/universalify/download/universalify-0.1.1.tgz#fa71badd4437af4c148841e3b3b165f9e9e590b7"

which@~1.0.5:
  version "1.0.9"
  resolved "http://registry.npm.taobao.org/which/download/which-1.0.9.tgz#460c1da0f810103d0321a9b633af9e575e64486f"

winreg@~1.2.2:
  version "1.2.4"
  resolved "http://registry.npm.taobao.org/winreg/download/winreg-1.2.4.tgz#ba065629b7a925130e15779108cf540990e98d1b"

wrappy@1:
  version "1.0.2"
  resolved "http://registry.npm.taobao.org/wrappy/download/wrappy-1.0.2.tgz#b5243d8f3ec1aa35f1364605bc0d1036e30ab69f"
